
Microsoft Visual Studio Solution File, Format Version 12.00
# Visual Studio Version 17
VisualStudioVersion = 17.13.35818.85
MinimumVisualStudioVersion = 10.0.40219.1
Project("{FAE04EC0-301F-11D3-BF4B-00C04F79EFBC}") = "ListInputOutputLine", "VuvejdaneNaSpisuk1Red\ListInputOutputLine.csproj", "{8BCF5903-EF01-4D82-8CBD-6D0BCCCA1A7A}"
EndProject
Project("{FAE04EC0-301F-11D3-BF4B-00C04F79EFBC}") = "SpisukOtImena", "SpisukOtImena\SpisukOtImena.csproj", "{1A3BB743-4A1A-4006-9511-944A736526B0}"
EndProject
Project("{FAE04EC0-301F-11D3-BF4B-00C04F79EFBC}") = "SpisukOtChetniChisla", "SpisukOtChetniChisla\SpisukOtChetniChisla.csproj", "{6A70E5B7-18DB-4EF1-98B5-3578654C0F0C}"
EndProject
Project("{FAE04EC0-301F-11D3-BF4B-00C04F79EFBC}") = "SpisukOtKrainosti", "SpisukOtKrainosti\SpisukOtKrainosti.csproj", "{F92FCA3A-03BB-4CF3-B1BB-752C57610392}"
EndProject
Project("{FAE04EC0-301F-11D3-BF4B-00C04F79EFBC}") = "PoredicaEdnakviChisla", "PoredicaEdnakviChisla\PoredicaEdnakviChisla.csproj", "{EE6CE9EC-1286-47B8-99E9-0C7E7E9990E0}"
EndProject
Project("{FAE04EC0-301F-11D3-BF4B-00C04F79EFBC}") = "SumNaOburnatiChisla", "SumNaOburnatiChisla\SumNaOburnatiChisla.csproj", "{856D5DC3-5ACC-4AA7-A42F-629942A5E254}"
EndProject
Project("{FAE04EC0-301F-11D3-BF4B-00C04F79EFBC}") = "BezopasnaObrabotkaNaMasiv", "BezopasnaObrabotkaNaMasiv\BezopasnaObrabotkaNaMasiv.csproj", "{07F457D6-4BF4-4E30-9CA8-0040E89BD99E}"
EndProject
Project("{FAE04EC0-301F-11D3-BF4B-00C04F79EFBC}") = "MnojestvoNaSumi", "MnojestvoNaSumi\MnojestvoNaSumi.csproj", "{E5DA7D7A-F0D7-4508-9965-301C29E92B68}"
EndProject
Project("{FAE04EC0-301F-11D3-BF4B-00C04F79EFBC}") = "IzvlichaneNaSredniteChisla", "IzvlichaneNaSredniteChisla\IzvlichaneNaSredniteChisla.csproj", "{393F9191-74C8-4BD5-BC82-6A09BC94CF80}"
EndProject
Project("{FAE04EC0-301F-11D3-BF4B-00C04F79EFBC}") = "Obratnochislo", "Obratnochislo\Obratnochislo.csproj", "{F34DE5DE-DEC7-4344-AB06-54FD41241F36}"
EndProject
Project("{FAE04EC0-301F-11D3-BF4B-00C04F79EFBC}") = "Metodi", "Metodi\Metodi.csproj", "{F151157E-D9D9-4566-BB82-3B753275377D}"
EndProject
Project("{FAE04EC0-301F-11D3-BF4B-00C04F79EFBC}") = "SortiraneNaChisla", "SortiraneNaChisla\SortiraneNaChisla.csproj", "{554C48C5-A2D2-4903-81A9-80703089271B}"
EndProject
Project("{FAE04EC0-301F-11D3-BF4B-00C04F79EFBC}") = "ChislaKvadrati", "ChislaKvadrati\ChislaKvadrati.csproj", "{B0994F22-2973-46D9-93E4-5A1EEC6B725B}"
EndProject
Project("{FAE04EC0-301F-11D3-BF4B-00C04F79EFBC}") = "Podgotovka", "Podgotovka\Podgotovka.csproj", "{3CAE9D51-1467-46F5-9CBF-FD459C44585B}"
EndProject
Project("{FAE04EC0-301F-11D3-BF4B-00C04F79EFBC}") = "DefKlasChovek", "DefKlasChovek\DefKlasChovek.csproj", "{68E9A975-B824-48EC-9B3C-F24864867039}"
EndProject
Project("{FAE04EC0-301F-11D3-BF4B-00C04F79EFBC}") = "Family", "Family\Family.csproj", "{F5C27372-532A-4395-807C-F9D941621C2D}"
EndProject
Project("{FAE04EC0-301F-11D3-BF4B-00C04F79EFBC}") = "Statistika", "Statistika\Statistika.csproj", "{E0BFDE96-CF69-4302-B161-CB11AF77E1D2}"
EndProject
Global
	GlobalSection(SolutionConfigurationPlatforms) = preSolution
		Debug|Any CPU = Debug|Any CPU
		Release|Any CPU = Release|Any CPU
	EndGlobalSection
	GlobalSection(ProjectConfigurationPlatforms) = postSolution
		{8BCF5903-EF01-4D82-8CBD-6D0BCCCA1A7A}.Debug|Any CPU.ActiveCfg = Debug|Any CPU
		{8BCF5903-EF01-4D82-8CBD-6D0BCCCA1A7A}.Debug|Any CPU.Build.0 = Debug|Any CPU
		{8BCF5903-EF01-4D82-8CBD-6D0BCCCA1A7A}.Release|Any CPU.ActiveCfg = Release|Any CPU
		{8BCF5903-EF01-4D82-8CBD-6D0BCCCA1A7A}.Release|Any CPU.Build.0 = Release|Any CPU
		{1A3BB743-4A1A-4006-9511-944A736526B0}.Debug|Any CPU.ActiveCfg = Debug|Any CPU
		{1A3BB743-4A1A-4006-9511-944A736526B0}.Debug|Any CPU.Build.0 = Debug|Any CPU
		{1A3BB743-4A1A-4006-9511-944A736526B0}.Release|Any CPU.ActiveCfg = Release|Any CPU
		{1A3BB743-4A1A-4006-9511-944A736526B0}.Release|Any CPU.Build.0 = Release|Any CPU
		{6A70E5B7-18DB-4EF1-98B5-3578654C0F0C}.Debug|Any CPU.ActiveCfg = Debug|Any CPU
		{6A70E5B7-18DB-4EF1-98B5-3578654C0F0C}.Debug|Any CPU.Build.0 = Debug|Any CPU
		{6A70E5B7-18DB-4EF1-98B5-3578654C0F0C}.Release|Any CPU.ActiveCfg = Release|Any CPU
		{6A70E5B7-18DB-4EF1-98B5-3578654C0F0C}.Release|Any CPU.Build.0 = Release|Any CPU
		{F92FCA3A-03BB-4CF3-B1BB-752C57610392}.Debug|Any CPU.ActiveCfg = Debug|Any CPU
		{F92FCA3A-03BB-4CF3-B1BB-752C57610392}.Debug|Any CPU.Build.0 = Debug|Any CPU
		{F92FCA3A-03BB-4CF3-B1BB-752C57610392}.Release|Any CPU.ActiveCfg = Release|Any CPU
		{F92FCA3A-03BB-4CF3-B1BB-752C57610392}.Release|Any CPU.Build.0 = Release|Any CPU
		{EE6CE9EC-1286-47B8-99E9-0C7E7E9990E0}.Debug|Any CPU.ActiveCfg = Debug|Any CPU
		{EE6CE9EC-1286-47B8-99E9-0C7E7E9990E0}.Debug|Any CPU.Build.0 = Debug|Any CPU
		{EE6CE9EC-1286-47B8-99E9-0C7E7E9990E0}.Release|Any CPU.ActiveCfg = Release|Any CPU
		{EE6CE9EC-1286-47B8-99E9-0C7E7E9990E0}.Release|Any CPU.Build.0 = Release|Any CPU
		{856D5DC3-5ACC-4AA7-A42F-629942A5E254}.Debug|Any CPU.ActiveCfg = Debug|Any CPU
		{856D5DC3-5ACC-4AA7-A42F-629942A5E254}.Debug|Any CPU.Build.0 = Debug|Any CPU
		{856D5DC3-5ACC-4AA7-A42F-629942A5E254}.Release|Any CPU.ActiveCfg = Release|Any CPU
		{856D5DC3-5ACC-4AA7-A42F-629942A5E254}.Release|Any CPU.Build.0 = Release|Any CPU
		{07F457D6-4BF4-4E30-9CA8-0040E89BD99E}.Debug|Any CPU.ActiveCfg = Debug|Any CPU
		{07F457D6-4BF4-4E30-9CA8-0040E89BD99E}.Debug|Any CPU.Build.0 = Debug|Any CPU
		{07F457D6-4BF4-4E30-9CA8-0040E89BD99E}.Release|Any CPU.ActiveCfg = Release|Any CPU
		{07F457D6-4BF4-4E30-9CA8-0040E89BD99E}.Release|Any CPU.Build.0 = Release|Any CPU
		{E5DA7D7A-F0D7-4508-9965-301C29E92B68}.Debug|Any CPU.ActiveCfg = Debug|Any CPU
		{E5DA7D7A-F0D7-4508-9965-301C29E92B68}.Debug|Any CPU.Build.0 = Debug|Any CPU
		{E5DA7D7A-F0D7-4508-9965-301C29E92B68}.Release|Any CPU.ActiveCfg = Release|Any CPU
		{E5DA7D7A-F0D7-4508-9965-301C29E92B68}.Release|Any CPU.Build.0 = Release|Any CPU
		{393F9191-74C8-4BD5-BC82-6A09BC94CF80}.Debug|Any CPU.ActiveCfg = Debug|Any CPU
		{393F9191-74C8-4BD5-BC82-6A09BC94CF80}.Debug|Any CPU.Build.0 = Debug|Any CPU
		{393F9191-74C8-4BD5-BC82-6A09BC94CF80}.Release|Any CPU.ActiveCfg = Release|Any CPU
		{393F9191-74C8-4BD5-BC82-6A09BC94CF80}.Release|Any CPU.Build.0 = Release|Any CPU
		{F34DE5DE-DEC7-4344-AB06-54FD41241F36}.Debug|Any CPU.ActiveCfg = Debug|Any CPU
		{F34DE5DE-DEC7-4344-AB06-54FD41241F36}.Debug|Any CPU.Build.0 = Debug|Any CPU
		{F34DE5DE-DEC7-4344-AB06-54FD41241F36}.Release|Any CPU.ActiveCfg = Release|Any CPU
		{F34DE5DE-DEC7-4344-AB06-54FD41241F36}.Release|Any CPU.Build.0 = Release|Any CPU
		{F151157E-D9D9-4566-BB82-3B753275377D}.Debug|Any CPU.ActiveCfg = Debug|Any CPU
		{F151157E-D9D9-4566-BB82-3B753275377D}.Debug|Any CPU.Build.0 = Debug|Any CPU
		{F151157E-D9D9-4566-BB82-3B753275377D}.Release|Any CPU.ActiveCfg = Release|Any CPU
		{F151157E-D9D9-4566-BB82-3B753275377D}.Release|Any CPU.Build.0 = Release|Any CPU
		{554C48C5-A2D2-4903-81A9-80703089271B}.Debug|Any CPU.ActiveCfg = Debug|Any CPU
		{554C48C5-A2D2-4903-81A9-80703089271B}.Debug|Any CPU.Build.0 = Debug|Any CPU
		{554C48C5-A2D2-4903-81A9-80703089271B}.Release|Any CPU.ActiveCfg = Release|Any CPU
		{554C48C5-A2D2-4903-81A9-80703089271B}.Release|Any CPU.Build.0 = Release|Any CPU
		{B0994F22-2973-46D9-93E4-5A1EEC6B725B}.Debug|Any CPU.ActiveCfg = Debug|Any CPU
		{B0994F22-2973-46D9-93E4-5A1EEC6B725B}.Debug|Any CPU.Build.0 = Debug|Any CPU
		{B0994F22-2973-46D9-93E4-5A1EEC6B725B}.Release|Any CPU.ActiveCfg = Release|Any CPU
		{B0994F22-2973-46D9-93E4-5A1EEC6B725B}.Release|Any CPU.Build.0 = Release|Any CPU
		{3CAE9D51-1467-46F5-9CBF-FD459C44585B}.Debug|Any CPU.ActiveCfg = Debug|Any CPU
		{3CAE9D51-1467-46F5-9CBF-FD459C44585B}.Debug|Any CPU.Build.0 = Debug|Any CPU
		{3CAE9D51-1467-46F5-9CBF-FD459C44585B}.Release|Any CPU.ActiveCfg = Release|Any CPU
		{3CAE9D51-1467-46F5-9CBF-FD459C44585B}.Release|Any CPU.Build.0 = Release|Any CPU
		{68E9A975-B824-48EC-9B3C-F24864867039}.Debug|Any CPU.ActiveCfg = Debug|Any CPU
		{68E9A975-B824-48EC-9B3C-F24864867039}.Debug|Any CPU.Build.0 = Debug|Any CPU
		{68E9A975-B824-48EC-9B3C-F24864867039}.Release|Any CPU.ActiveCfg = Release|Any CPU
		{68E9A975-B824-48EC-9B3C-F24864867039}.Release|Any CPU.Build.0 = Release|Any CPU
		{F5C27372-532A-4395-807C-F9D941621C2D}.Debug|Any CPU.ActiveCfg = Debug|Any CPU
		{F5C27372-532A-4395-807C-F9D941621C2D}.Debug|Any CPU.Build.0 = Debug|Any CPU
		{F5C27372-532A-4395-807C-F9D941621C2D}.Release|Any CPU.ActiveCfg = Release|Any CPU
		{F5C27372-532A-4395-807C-F9D941621C2D}.Release|Any CPU.Build.0 = Release|Any CPU
		{E0BFDE96-CF69-4302-B161-CB11AF77E1D2}.Debug|Any CPU.ActiveCfg = Debug|Any CPU
		{E0BFDE96-CF69-4302-B161-CB11AF77E1D2}.Debug|Any CPU.Build.0 = Debug|Any CPU
		{E0BFDE96-CF69-4302-B161-CB11AF77E1D2}.Release|Any CPU.ActiveCfg = Release|Any CPU
		{E0BFDE96-CF69-4302-B161-CB11AF77E1D2}.Release|Any CPU.Build.0 = Release|Any CPU
	EndGlobalSection
	GlobalSection(SolutionProperties) = preSolution
		HideSolutionNode = FALSE
	EndGlobalSection
	GlobalSection(ExtensibilityGlobals) = postSolution
		SolutionGuid = {3BEB0388-6415-4E18-A005-925EE84DEA15}
	EndGlobalSection
EndGlobal
